
Microsoft Visual Studio Solution File, Format Version 12.00
# Visual Studio Version 16
VisualStudioVersion = 16.0.29728.190
MinimumVisualStudioVersion = 10.0.40219.1
Project("{FAE04EC0-301F-11D3-BF4B-00C04F79EFBC}") = "EcbForex.API", "EcbForex.API\EcbForex.API.csproj", "{F4192A8C-D765-402D-9368-B47170790372}"
EndProject
Global
	GlobalSection(SolutionConfigurationPlatforms) = preSolution
		Debug|Any CPU = Debug|Any CPU
		Release|Any CPU = Release|Any CPU
	EndGlobalSection
	GlobalSection(ProjectConfigurationPlatforms) = postSolution
		{F4192A8C-D765-402D-9368-B47170790372}.Debug|Any CPU.ActiveCfg = Debug|Any CPU
		{F4192A8C-D765-402D-9368-B47170790372}.Debug|Any CPU.Build.0 = Debug|Any CPU
		{F4192A8C-D765-402D-9368-B47170790372}.Release|Any CPU.ActiveCfg = Release|Any CPU
		{F4192A8C-D765-402D-9368-B47170790372}.Release|Any CPU.Build.0 = Release|Any CPU
	EndGlobalSection
	GlobalSection(SolutionProperties) = preSolution
		HideSolutionNode = FALSE
	EndGlobalSection
	GlobalSection(ExtensibilityGlobals) = postSolution
		SolutionGuid = {33AAC33E-2F4B-4479-8CC5-6095F3D16DC3}
	EndGlobalSection
EndGlobal
